{
  "lockfileVersion": 1,
  "configVersion": 1,
  "workspaces": {
    "": {
      "name": "dianping",
      "dependencies": {
        "@playwright/mcp": "^0.0.75",
      },
    },
  },
  "packages": {
    "@playwright/mcp": ["@playwright/mcp@0.0.75", "", { "dependencies": { "playwright": "1.61.0-alpha-1778188671000", "playwright-core": "1.61.0-alpha-1778188671000" }, "bin": { "playwright-mcp": "cli.js" } }, "sha512-oBjzVXfEGZ9Ev45tKKQULNDVdF83B82lg0uPejEK3xsp/zWmdNdNVnPi032fmd/o20ZZXs+LX7cr77qRNbV4VA=="],

    "fsevents": ["fsevents@2.3.2", "", { "os": "darwin" }, "sha512-xiqMQR4xAeHTuB9uWm+fFRcIOgKBMiOBP+eXiyT7jsgVCq1bkVygt00oASowB7EdtpOHaaPgKt812P9ab+DDKA=="],

    "playwright": ["playwright@1.61.0-alpha-1778188671000", "", { "dependencies": { "playwright-core": "1.61.0-alpha-1778188671000" }, "optionalDependencies": { "fsevents": "2.3.2" }, "bin": { "playwright": "cli.js" } }, "sha512-A6fFc7ExLRmvm0ZHqCyY2uHXSvEdpb8W+/HyIPK4ecRqNil8Mc1Vig1WFYoqk82x3+U9Qb571fQE95wgKqIQ1g=="],

    "playwright-core": ["playwright-core@1.61.0-alpha-1778188671000", "", { "bin": { "playwright-core": "cli.js" } }, "sha512-nsw2Crz0uZS3IRHiEcOXUt+RaKB/Hna+GAD4oD6cPqCHfJfW77cJdgktC0jzp3Ndyv23EJI3bcWSqFIiqSNE5A=="],
  }
}
